
Microsoft Visual Studio Solution File, Format Version 12.00
# Visual Studio Version 17
VisualStudioVersion = 17.8.34525.116
MinimumVisualStudioVersion = 10.0.40219.1
Project("{9A19103F-16F7-4668-BE54-9A1E7A4F7556}") = "Localiser", "Localisation System\Localiser.csproj", "{5EED6941-6CC1-4B54-A395-6B5FAC0A76D1}"
EndProject
Global
	GlobalSection(SolutionConfigurationPlatforms) = preSolution
		Debug|Any CPU = Debug|Any CPU
		Release|Any CPU = Release|Any CPU
	EndGlobalSection
	GlobalSection(ProjectConfigurationPlatforms) = postSolution
		{5EED6941-6CC1-4B54-A395-6B5FAC0A76D1}.Debug|Any CPU.ActiveCfg = Debug|Any CPU
		{5EED6941-6CC1-4B54-A395-6B5FAC0A76D1}.Debug|Any CPU.Build.0 = Debug|Any CPU
		{5EED6941-6CC1-4B54-A395-6B5FAC0A76D1}.Release|Any CPU.ActiveCfg = Release|Any CPU
		{5EED6941-6CC1-4B54-A395-6B5FAC0A76D1}.Release|Any CPU.Build.0 = Release|Any CPU
	EndGlobalSection
	GlobalSection(SolutionProperties) = preSolution
		HideSolutionNode = FALSE
	EndGlobalSection
	GlobalSection(ExtensibilityGlobals) = postSolution
		SolutionGuid = {2B03EE72-44BC-43FE-8185-5532DE46798B}
	EndGlobalSection
EndGlobal
